// !$*UTF8*$!
{
	archiveVersion = 1;
	classes = {
	};
	objectVersion = 46;
	objects = {

/* Begin PBXAggregateTarget section */
		22B5A783BD4C44D3BEF5D65E /* ZERO_CHECK */ = {
			isa = PBXAggregateTarget;
			buildConfigurationList = EE62DA527BD0460D9CAC05C8 /* Build configuration list for PBXAggregateTarget "ZERO_CHECK" */;
			buildPhases = (
				2C042F00848C17FE7BBDCA57 /* Generate CMakeFiles/ZERO_CHECK */,
			);
			dependencies = (
			);
			name = ZERO_CHECK;
			productName = ZERO_CHECK;
		};
		830A940E583844CEBA62D657 /* ALL_BUILD */ = {
			isa = PBXAggregateTarget;
			buildConfigurationList = D77ADD706F8E4B2CAC532DD2 /* Build configuration list for PBXAggregateTarget "ALL_BUILD" */;
			buildPhases = (
				4D37D7D52831BA72EA1FCCD5 /* Generate CMakeFiles/ALL_BUILD */,
			);
			dependencies = (
				07A3857D023D4FD4942EF864 /* PBXTargetDependency */,
				156D72CD7B8E494FAB57BBA8 /* PBXTargetDependency */,
			);
			name = ALL_BUILD;
			productName = ALL_BUILD;
		};
/* End PBXAggregateTarget section */

/* Begin PBXBuildFile section */
		002E5913E17544E7BA3B4523 /* /Users/roger/Data/Retro-Dev/vectrex-dev/vec2x/build2/CMakeFiles/vec2x.dir/Info.plist */ = {isa = PBXBuildFile; fileRef = 4D2DA0BB2DDA4C0F967CE4B9 /* /Users/roger/Data/Retro-Dev/vectrex-dev/vec2x/build2/CMakeFiles/vec2x.dir/Info.plist */; };
		04E79E1EB7384EC08F0BF459 /* /Users/roger/Data/Retro-Dev/vectrex-dev/vec2x/src/e6809.h */ = {isa = PBXBuildFile; fileRef = 4D79BA31D2544538A6E6584D /* /Users/roger/Data/Retro-Dev/vectrex-dev/vec2x/src/e6809.h */; };
		5E973A9A2C134E5E81B04422 /* /Users/roger/Data/Retro-Dev/vectrex-dev/vec2x/src/e8910.h */ = {isa = PBXBuildFile; fileRef = C30E7FBE38A043278FAB35C4 /* /Users/roger/Data/Retro-Dev/vectrex-dev/vec2x/src/e8910.h */; };
		6231150B3DEC49FBABFC2675 /* /Users/roger/Data/Retro-Dev/vectrex-dev/vec2x/src/vec2x.h */ = {isa = PBXBuildFile; fileRef = 5E101C5F1D624347AB16EA43 /* /Users/roger/Data/Retro-Dev/vectrex-dev/vec2x/src/vec2x.h */; };
		6FBD3D3C0CD74E1C9420567F /* /Users/roger/Data/Retro-Dev/vectrex-dev/vec2x/src/vec2x_platform.h */ = {isa = PBXBuildFile; fileRef = 892D8BA891744873912779A6 /* /Users/roger/Data/Retro-Dev/vectrex-dev/vec2x/src/vec2x_platform.h */; };
		74FF4C5CDDA84DF89A82E6A2 /* /Users/roger/Data/Retro-Dev/vectrex-dev/vec2x/src/sdl/SDL2_rotozoom.c */ = {isa = PBXBuildFile; fileRef = D5FD2AA4488940AFB433A784 /* /Users/roger/Data/Retro-Dev/vectrex-dev/vec2x/src/sdl/SDL2_rotozoom.c */; };
		7F6E0492F4814E26A9EC8338 /* /Users/roger/Data/Retro-Dev/vectrex-dev/vec2x/CMakeLists.txt */ = {isa = PBXBuildFile; fileRef = 5E61C38C7C0D493C9CFB2A26 /* /Users/roger/Data/Retro-Dev/vectrex-dev/vec2x/CMakeLists.txt */; };
		7F9B9CE3B30746A5ABAC9228 /* /Users/roger/Data/Retro-Dev/vectrex-dev/vec2x/src/vec2x.c */ = {isa = PBXBuildFile; fileRef = 4AB7C0182C6142DF9AB14BAC /* /Users/roger/Data/Retro-Dev/vectrex-dev/vec2x/src/vec2x.c */; };
		8EB5ACD737BC4A80AA9C6218 /* /Users/roger/Data/Retro-Dev/vectrex-dev/vec2x/src/e6809.c */ = {isa = PBXBuildFile; fileRef = F74AE1025AC140F88DE93302 /* /Users/roger/Data/Retro-Dev/vectrex-dev/vec2x/src/e6809.c */; };
		BA858095662D4D168A29B7E2 /* /Users/roger/Data/Retro-Dev/vectrex-dev/vec2x/src/vec2x_platform.c */ = {isa = PBXBuildFile; fileRef = 3268E032D7C5447E86713344 /* /Users/roger/Data/Retro-Dev/vectrex-dev/vec2x/src/vec2x_platform.c */; };
		C23E25902AAC453AA0C4EFB9 /* /Users/roger/Data/Retro-Dev/vectrex-dev/vec2x/src/e8910.c */ = {isa = PBXBuildFile; fileRef = A3347CC1557743D5B0AD3985 /* /Users/roger/Data/Retro-Dev/vectrex-dev/vec2x/src/e8910.c */; };
		CD034FB368924091AA3CE6B2 /* /Users/roger/Data/Retro-Dev/vectrex-dev/vec2x/src/sdl/SDL2_gfxPrimitives.c */ = {isa = PBXBuildFile; fileRef = 0F5CCE5658C6459482A53249 /* /Users/roger/Data/Retro-Dev/vectrex-dev/vec2x/src/sdl/SDL2_gfxPrimitives.c */; };
/* End PBXBuildFile section */

/* Begin PBXBuildStyle section */
		0458A40BFE4C4612B409131E /* Debug */ = {
			isa = PBXBuildStyle;
			buildSettings = {
				COPY_PHASE_STRIP = NO;
			};
			name = Debug;
		};
		10A8258CC82C441985D79556 /* MinSizeRel */ = {
			isa = PBXBuildStyle;
			buildSettings = {
				COPY_PHASE_STRIP = NO;
			};
			name = MinSizeRel;
		};
		78C29277159A426DB030DA4A /* Release */ = {
			isa = PBXBuildStyle;
			buildSettings = {
				COPY_PHASE_STRIP = NO;
			};
			name = Release;
		};
		DEA09F8148E047C98B02B59C /* RelWithDebInfo */ = {
			isa = PBXBuildStyle;
			buildSettings = {
				COPY_PHASE_STRIP = NO;
			};
			name = RelWithDebInfo;
		};
/* End PBXBuildStyle section */

/* Begin PBXContainerItemProxy section */
		348994182AB2481CA7587181 /* PBXContainerItemProxy */ = {
			isa = PBXContainerItemProxy;
			containerPortal = A82BBFD426CC48CCB5DFB007 /* Project object */;
			proxyType = 1;
			remoteGlobalIDString = 817E6DB2251442AE93716DAF;
			remoteInfo = vec2x;
		};
		53515B30B2334989A32DC1A4 /* PBXContainerItemProxy */ = {
			isa = PBXContainerItemProxy;
			containerPortal = A82BBFD426CC48CCB5DFB007 /* Project object */;
			proxyType = 1;
			remoteGlobalIDString = 22B5A783BD4C44D3BEF5D65E;
			remoteInfo = ZERO_CHECK;
		};
		BD5AB97EAF8843BE967CCCA7 /* PBXContainerItemProxy */ = {
			isa = PBXContainerItemProxy;
			containerPortal = A82BBFD426CC48CCB5DFB007 /* Project object */;
			proxyType = 1;
			remoteGlobalIDString = 22B5A783BD4C44D3BEF5D65E;
			remoteInfo = ZERO_CHECK;
		};
/* End PBXContainerItemProxy section */

/* Begin PBXFileReference section */
		0F5CCE5658C6459482A53249 /* /Users/roger/Data/Retro-Dev/vectrex-dev/vec2x/src/sdl/SDL2_gfxPrimitives.c */ = {isa = PBXFileReference; explicitFileType = sourcecode.c.c; fileEncoding = 4; name = SDL2_gfxPrimitives.c; path = src/sdl/SDL2_gfxPrimitives.c; sourceTree = SOURCE_ROOT; };
		3268E032D7C5447E86713344 /* /Users/roger/Data/Retro-Dev/vectrex-dev/vec2x/src/vec2x_platform.c */ = {isa = PBXFileReference; explicitFileType = sourcecode.c.c; fileEncoding = 4; name = vec2x_platform.c; path = src/vec2x_platform.c; sourceTree = SOURCE_ROOT; };
		4AB7C0182C6142DF9AB14BAC /* /Users/roger/Data/Retro-Dev/vectrex-dev/vec2x/src/vec2x.c */ = {isa = PBXFileReference; explicitFileType = sourcecode.c.c; fileEncoding = 4; name = vec2x.c; path = src/vec2x.c; sourceTree = SOURCE_ROOT; };
		4D2DA0BB2DDA4C0F967CE4B9 /* /Users/roger/Data/Retro-Dev/vectrex-dev/vec2x/build2/CMakeFiles/vec2x.dir/Info.plist */ = {isa = PBXFileReference; explicitFileType = sourcecode.text.plist; fileEncoding = 4; name = Info.plist; path = build2/CMakeFiles/vec2x.dir/Info.plist; sourceTree = SOURCE_ROOT; };
		4D79BA31D2544538A6E6584D /* /Users/roger/Data/Retro-Dev/vectrex-dev/vec2x/src/e6809.h */ = {isa = PBXFileReference; explicitFileType = sourcecode.c.h; fileEncoding = 4; name = e6809.h; path = src/e6809.h; sourceTree = SOURCE_ROOT; };
		5E101C5F1D624347AB16EA43 /* /Users/roger/Data/Retro-Dev/vectrex-dev/vec2x/src/vec2x.h */ = {isa = PBXFileReference; explicitFileType = sourcecode.c.h; fileEncoding = 4; name = vec2x.h; path = src/vec2x.h; sourceTree = SOURCE_ROOT; };
		5E61C38C7C0D493C9CFB2A26 /* /Users/roger/Data/Retro-Dev/vectrex-dev/vec2x/CMakeLists.txt */ = {isa = PBXFileReference; explicitFileType = sourcecode.text; fileEncoding = 4; name = CMakeLists.txt; path = CMakeLists.txt; sourceTree = SOURCE_ROOT; };
		892D8BA891744873912779A6 /* /Users/roger/Data/Retro-Dev/vectrex-dev/vec2x/src/vec2x_platform.h */ = {isa = PBXFileReference; explicitFileType = sourcecode.c.h; fileEncoding = 4; name = vec2x_platform.h; path = src/vec2x_platform.h; sourceTree = SOURCE_ROOT; };
		A0AB8299A3A44119BC8FE379 /* /Users/roger/Data/Retro-Dev/vectrex-dev/vec2x/CMakeLists.txt */ = {isa = PBXFileReference; explicitFileType = sourcecode.text; fileEncoding = 4; name = CMakeLists.txt; path = CMakeLists.txt; sourceTree = SOURCE_ROOT; };
		A3347CC1557743D5B0AD3985 /* /Users/roger/Data/Retro-Dev/vectrex-dev/vec2x/src/e8910.c */ = {isa = PBXFileReference; explicitFileType = sourcecode.c.c; fileEncoding = 4; name = e8910.c; path = src/e8910.c; sourceTree = SOURCE_ROOT; };
		C30E7FBE38A043278FAB35C4 /* /Users/roger/Data/Retro-Dev/vectrex-dev/vec2x/src/e8910.h */ = {isa = PBXFileReference; explicitFileType = sourcecode.c.h; fileEncoding = 4; name = e8910.h; path = src/e8910.h; sourceTree = SOURCE_ROOT; };
		D5FD2AA4488940AFB433A784 /* /Users/roger/Data/Retro-Dev/vectrex-dev/vec2x/src/sdl/SDL2_rotozoom.c */ = {isa = PBXFileReference; explicitFileType = sourcecode.c.c; fileEncoding = 4; name = SDL2_rotozoom.c; path = src/sdl/SDL2_rotozoom.c; sourceTree = SOURCE_ROOT; };
		F74AE1025AC140F88DE93302 /* /Users/roger/Data/Retro-Dev/vectrex-dev/vec2x/src/e6809.c */ = {isa = PBXFileReference; explicitFileType = sourcecode.c.c; fileEncoding = 4; name = e6809.c; path = src/e6809.c; sourceTree = SOURCE_ROOT; };
		F9DAF55347754BFDBCA9459B /* vec2x */ = {isa = PBXFileReference; explicitFileType = "compiled.mach-o.executable"; path = vec2x; sourceTree = BUILT_PRODUCTS_DIR; };
/* End PBXFileReference section */

/* Begin PBXFrameworksBuildPhase section */
		B6C3714BB227446BAF8F36B2 /* Frameworks */ = {
			isa = PBXFrameworksBuildPhase;
			buildActionMask = 2147483647;
			files = (
			);
			runOnlyForDeploymentPostprocessing = 0;
		};
/* End PBXFrameworksBuildPhase section */

/* Begin PBXGroup section */
		0B85F4DBFE2E4DFCAD6B78EB = {
			isa = PBXGroup;
			children = (
				FB2653790A4C4EC299A47F26 /* vec2x */,
				5BA1C99B548C46678A3A0D44 /* ALL_BUILD */,
				E3A8470E8A644377A83A0387 /* Products */,
				33B05F36CB2F4AEFAB39B5F1 /* Frameworks */,
				F4DE7CC10403446D82D9353D /* Resources */,
			);
			sourceTree = "<group>";
		};
		33B05F36CB2F4AEFAB39B5F1 /* Frameworks */ = {
			isa = PBXGroup;
			children = (
			);
			name = Frameworks;
			sourceTree = "<group>";
		};
		5BA1C99B548C46678A3A0D44 /* ALL_BUILD */ = {
			isa = PBXGroup;
			children = (
				8D181EC3D8114719998E2807 /* CMake Rules */,
				A0AB8299A3A44119BC8FE379 /* /Users/roger/Data/Retro-Dev/vectrex-dev/vec2x/CMakeLists.txt */,
			);
			name = ALL_BUILD;
			sourceTree = "<group>";
		};
		7CA07DB57F9248188C3D9DCF /* Vec2X */ = {
			isa = PBXGroup;
			children = (
				F74AE1025AC140F88DE93302 /* /Users/roger/Data/Retro-Dev/vectrex-dev/vec2x/src/e6809.c */,
				4D79BA31D2544538A6E6584D /* /Users/roger/Data/Retro-Dev/vectrex-dev/vec2x/src/e6809.h */,
				A3347CC1557743D5B0AD3985 /* /Users/roger/Data/Retro-Dev/vectrex-dev/vec2x/src/e8910.c */,
				C30E7FBE38A043278FAB35C4 /* /Users/roger/Data/Retro-Dev/vectrex-dev/vec2x/src/e8910.h */,
				4AB7C0182C6142DF9AB14BAC /* /Users/roger/Data/Retro-Dev/vectrex-dev/vec2x/src/vec2x.c */,
				5E101C5F1D624347AB16EA43 /* /Users/roger/Data/Retro-Dev/vectrex-dev/vec2x/src/vec2x.h */,
				3268E032D7C5447E86713344 /* /Users/roger/Data/Retro-Dev/vectrex-dev/vec2x/src/vec2x_platform.c */,
				892D8BA891744873912779A6 /* /Users/roger/Data/Retro-Dev/vectrex-dev/vec2x/src/vec2x_platform.h */,
			);
			name = Vec2X;
			sourceTree = "<group>";
		};
		7D55DD57EF6F4ACCB657BFF6 /* SDL */ = {
			isa = PBXGroup;
			children = (
				0F5CCE5658C6459482A53249 /* /Users/roger/Data/Retro-Dev/vectrex-dev/vec2x/src/sdl/SDL2_gfxPrimitives.c */,
				D5FD2AA4488940AFB433A784 /* /Users/roger/Data/Retro-Dev/vectrex-dev/vec2x/src/sdl/SDL2_rotozoom.c */,
			);
			name = SDL;
			sourceTree = "<group>";
		};
		8D181EC3D8114719998E2807 /* CMake Rules */ = {
			isa = PBXGroup;
			children = (
			);
			name = "CMake Rules";
			sourceTree = "<group>";
		};
		C82E6A73D4524DA2855B989D /* Resources */ = {
			isa = PBXGroup;
			children = (
				4D2DA0BB2DDA4C0F967CE4B9 /* /Users/roger/Data/Retro-Dev/vectrex-dev/vec2x/build2/CMakeFiles/vec2x.dir/Info.plist */,
			);
			name = Resources;
			sourceTree = "<group>";
		};
		E3A8470E8A644377A83A0387 /* Products */ = {
			isa = PBXGroup;
			children = (
				F9DAF55347754BFDBCA9459B /* vec2x */,
			);
			name = Products;
			sourceTree = "<group>";
		};
		F4DE7CC10403446D82D9353D /* Resources */ = {
			isa = PBXGroup;
			children = (
			);
			name = Resources;
			sourceTree = "<group>";
		};
		FB2653790A4C4EC299A47F26 /* vec2x */ = {
			isa = PBXGroup;
			children = (
				7CA07DB57F9248188C3D9DCF /* Vec2X */,
				7D55DD57EF6F4ACCB657BFF6 /* SDL */,
				C82E6A73D4524DA2855B989D /* Resources */,
				5E61C38C7C0D493C9CFB2A26 /* /Users/roger/Data/Retro-Dev/vectrex-dev/vec2x/CMakeLists.txt */,
			);
			name = vec2x;
			sourceTree = "<group>";
		};
/* End PBXGroup section */

/* Begin PBXNativeTarget section */
		817E6DB2251442AE93716DAF /* vec2x */ = {
			isa = PBXNativeTarget;
			buildConfigurationList = 568B0073BDAE4A1995FCF52F /* Build configuration list for PBXNativeTarget "vec2x" */;
			buildPhases = (
				F7D26CEDCE14488A8E9AE1B5 /* Sources */,
				B6C3714BB227446BAF8F36B2 /* Frameworks */,
			);
			buildRules = (
			);
			dependencies = (
				18EB06775B8F4F96B6F2810F /* PBXTargetDependency */,
			);
			name = vec2x;
			productName = vec2x;
			productReference = F9DAF55347754BFDBCA9459B /* vec2x */;
			productType = "com.apple.product-type.application";
		};
/* End PBXNativeTarget section */

/* Begin PBXProject section */
		A82BBFD426CC48CCB5DFB007 /* Project object */ = {
			isa = PBXProject;
			attributes = {
				BuildIndependentTargetsInParallel = YES;
				LastUpgradeCheck = 1520;
			};
			buildConfigurationList = EB90701B87C441F58FC8B71B /* Build configuration list for PBXProject "vec2x" */;
			buildSettings = {
			};
			buildStyles = (
				0458A40BFE4C4612B409131E /* Debug */,
				78C29277159A426DB030DA4A /* Release */,
				10A8258CC82C441985D79556 /* MinSizeRel */,
				DEA09F8148E047C98B02B59C /* RelWithDebInfo */,
			);
			compatibilityVersion = "Xcode 3.2";
			hasScannedForEncodings = 0;
			mainGroup = 0B85F4DBFE2E4DFCAD6B78EB;
			projectDirPath = "/Users/roger/Data/Retro-Dev/vectrex-dev/vec2x";
			projectRoot = "";
			targets = (
				830A940E583844CEBA62D657 /* ALL_BUILD */,
				22B5A783BD4C44D3BEF5D65E /* ZERO_CHECK */,
				817E6DB2251442AE93716DAF /* vec2x */,
			);
		};
/* End PBXProject section */

/* Begin PBXShellScriptBuildPhase section */
		2C042F00848C17FE7BBDCA57 /* Generate CMakeFiles/ZERO_CHECK */ = {
			isa = PBXShellScriptBuildPhase;
			alwaysOutOfDate = 1;
			buildActionMask = 2147483647;
			files = (
			);
			inputPaths = (
			);
			name = "Generate CMakeFiles/ZERO_CHECK";
			outputPaths = (
"/Users/roger/Data/Retro-Dev/vectrex-dev/vec2x/build2/CMakeFiles/ZERO_CHECK"			);
			runOnlyForDeploymentPostprocessing = 0;
			shellPath = /bin/sh;
			shellScript = "set -e
if test \"$CONFIGURATION\" = \"Debug\"; then :
  cd /Users/roger/Data/Retro-Dev/vectrex-dev/vec2x/build2
  make -f /Users/roger/Data/Retro-Dev/vectrex-dev/vec2x/build2/CMakeScripts/ReRunCMake.make
fi
if test \"$CONFIGURATION\" = \"Release\"; then :
  cd /Users/roger/Data/Retro-Dev/vectrex-dev/vec2x/build2
  make -f /Users/roger/Data/Retro-Dev/vectrex-dev/vec2x/build2/CMakeScripts/ReRunCMake.make
fi
if test \"$CONFIGURATION\" = \"MinSizeRel\"; then :
  cd /Users/roger/Data/Retro-Dev/vectrex-dev/vec2x/build2
  make -f /Users/roger/Data/Retro-Dev/vectrex-dev/vec2x/build2/CMakeScripts/ReRunCMake.make
fi
if test \"$CONFIGURATION\" = \"RelWithDebInfo\"; then :
  cd /Users/roger/Data/Retro-Dev/vectrex-dev/vec2x/build2
  make -f /Users/roger/Data/Retro-Dev/vectrex-dev/vec2x/build2/CMakeScripts/ReRunCMake.make
fi
";
			showEnvVarsInLog = 0;
		};
		3C0110FC8322DE7E50886E21 = {
			isa = PBXShellScriptBuildPhase;
			buildActionMask = 2147483647;
			files = (
			);
			inputPaths = (
			);
			outputPaths = (
			);
			runOnlyForDeploymentPostprocessing = 0;
			shellPath = /bin/sh;
			shellScript = "# shell script goes here
exit 0";
			showEnvVarsInLog = 0;
		};
		4D37D7D52831BA72EA1FCCD5 /* Generate CMakeFiles/ALL_BUILD */ = {
			isa = PBXShellScriptBuildPhase;
			alwaysOutOfDate = 1;
			buildActionMask = 2147483647;
			files = (
			);
			inputPaths = (
			);
			name = "Generate CMakeFiles/ALL_BUILD";
			outputPaths = (
"/Users/roger/Data/Retro-Dev/vectrex-dev/vec2x/build2/CMakeFiles/ALL_BUILD"			);
			runOnlyForDeploymentPostprocessing = 0;
			shellPath = /bin/sh;
			shellScript = "set -e
if test \"$CONFIGURATION\" = \"Debug\"; then :
  cd /Users/roger/Data/Retro-Dev/vectrex-dev/vec2x/build2
  echo Build\\ all\\ projects
fi
if test \"$CONFIGURATION\" = \"Release\"; then :
  cd /Users/roger/Data/Retro-Dev/vectrex-dev/vec2x/build2
  echo Build\\ all\\ projects
fi
if test \"$CONFIGURATION\" = \"MinSizeRel\"; then :
  cd /Users/roger/Data/Retro-Dev/vectrex-dev/vec2x/build2
  echo Build\\ all\\ projects
fi
if test \"$CONFIGURATION\" = \"RelWithDebInfo\"; then :
  cd /Users/roger/Data/Retro-Dev/vectrex-dev/vec2x/build2
  echo Build\\ all\\ projects
fi
";
			showEnvVarsInLog = 0;
		};
		9B50530E35CC49C82C2FACCF = {
			isa = PBXShellScriptBuildPhase;
			buildActionMask = 2147483647;
			files = (
			);
			inputPaths = (
			);
			outputPaths = (
			);
			runOnlyForDeploymentPostprocessing = 0;
			shellPath = /bin/sh;
			shellScript = "# shell script goes here
exit 0";
			showEnvVarsInLog = 0;
		};
/* End PBXShellScriptBuildPhase section */

/* Begin PBXSourcesBuildPhase section */
		F7D26CEDCE14488A8E9AE1B5 /* Sources */ = {
			isa = PBXSourcesBuildPhase;
			buildActionMask = 2147483647;
			files = (
				8EB5ACD737BC4A80AA9C6218 /* /Users/roger/Data/Retro-Dev/vectrex-dev/vec2x/src/e6809.c */,
				C23E25902AAC453AA0C4EFB9 /* /Users/roger/Data/Retro-Dev/vectrex-dev/vec2x/src/e8910.c */,
				CD034FB368924091AA3CE6B2 /* /Users/roger/Data/Retro-Dev/vectrex-dev/vec2x/src/sdl/SDL2_gfxPrimitives.c */,
				74FF4C5CDDA84DF89A82E6A2 /* /Users/roger/Data/Retro-Dev/vectrex-dev/vec2x/src/sdl/SDL2_rotozoom.c */,
				7F9B9CE3B30746A5ABAC9228 /* /Users/roger/Data/Retro-Dev/vectrex-dev/vec2x/src/vec2x.c */,
				BA858095662D4D168A29B7E2 /* /Users/roger/Data/Retro-Dev/vectrex-dev/vec2x/src/vec2x_platform.c */,
			);
			runOnlyForDeploymentPostprocessing = 0;
		};
/* End PBXSourcesBuildPhase section */

/* Begin PBXTargetDependency section */
		07A3857D023D4FD4942EF864 /* PBXTargetDependency */ = {
			isa = PBXTargetDependency;
			target = 817E6DB2251442AE93716DAF /* vec2x */;
			targetProxy = 348994182AB2481CA7587181 /* PBXContainerItemProxy */;
		};
		156D72CD7B8E494FAB57BBA8 /* PBXTargetDependency */ = {
			isa = PBXTargetDependency;
			target = 22B5A783BD4C44D3BEF5D65E /* ZERO_CHECK */;
			targetProxy = 53515B30B2334989A32DC1A4 /* PBXContainerItemProxy */;
		};
		18EB06775B8F4F96B6F2810F /* PBXTargetDependency */ = {
			isa = PBXTargetDependency;
			target = 22B5A783BD4C44D3BEF5D65E /* ZERO_CHECK */;
			targetProxy = BD5AB97EAF8843BE967CCCA7 /* PBXContainerItemProxy */;
		};
/* End PBXTargetDependency section */

/* Begin XCBuildConfiguration section */
		27D1D3A517B64121B934AEA2 /* Release */ = {
			isa = XCBuildConfiguration;
			buildSettings = {
				ALWAYS_SEARCH_USER_PATHS = NO;
				ARCHS = arm64;
				COMBINE_HIDPI_IMAGES = YES;
				CONFIGURATION_BUILD_DIR = "/Users/roger/Data/Retro-Dev/vectrex-dev/vec2x/build2/Release";
				EXECUTABLE_PREFIX = "";
				EXECUTABLE_SUFFIX = "";
				GCC_GENERATE_DEBUGGING_SYMBOLS = NO;
				GCC_INLINES_ARE_PRIVATE_EXTERN = NO;
				GCC_OPTIMIZATION_LEVEL = 3;
				GCC_PREPROCESSOR_DEFINITIONS = ("'CMAKE_INTDIR=\"$(CONFIGURATION)$(EFFECTIVE_PLATFORM_NAME)\"'",UNIX_HOST,"$(inherited)");
				GCC_SYMBOLS_PRIVATE_EXTERN = NO;
				HEADER_SEARCH_PATHS = (/opt/homebrew/Cellar/sdl2/2.30.3/include,/opt/homebrew/Cellar/sdl2/2.0.22/include,/opt/homebrew/Cellar/sdl2_image/2.6.0_1/include,"/Users/roger/Data/Retro-Dev/vectrex-dev/vec2x/src/base","/Users/roger/Data/Retro-Dev/vectrex-dev/vec2x/src/editor","/Users/roger/Data/Retro-Dev/vectrex-dev/vec2x/src/emulator_vectrex","/Users/roger/Data/Retro-Dev/vectrex-dev/vec2x/src/sdl","$(inherited)");
				INFOPLIST_FILE = "/Users/roger/Data/Retro-Dev/vectrex-dev/vec2x/build2/CMakeFiles/vec2x.dir/Info.plist";
				INSTALL_PATH = "";
				LD_RUNPATH_SEARCH_PATHS = (/opt/homebrew/Cellar/sdl2/2.30.3/lib,"$(inherited)");
				LIBRARY_SEARCH_PATHS = ("/opt/homebrew/Cellar/sdl2/2.30.3/lib/$(CONFIGURATION)$(EFFECTIVE_PLATFORM_NAME)",/opt/homebrew/Cellar/sdl2/2.30.3/lib,"$(inherited)");
				ONLY_ACTIVE_ARCH = NO;
				OTHER_CFLAGS = ("    -DNDEBUG -ffast-math ","$(inherited)");
				OTHER_LDFLAGS = (" -Wl,-search_paths_first -Wl,-headerpad_max_install_names","-framework Cocoa",/opt/homebrew/Cellar/sdl2/2.30.3/lib/libSDL2.dylib,"$(inherited)");
				OTHER_REZFLAGS = "";
				PRODUCT_NAME = vec2x;
				SECTORDER_FLAGS = "";
				SYSTEM_HEADER_SEARCH_PATHS = (/opt/homebrew/Cellar/sdl2/2.30.3/include/SDL2,"$(inherited)");
				TARGET_TEMP_DIR = "/Users/roger/Data/Retro-Dev/vectrex-dev/vec2x/build2/build/vec2x.build/$(CONFIGURATION)$(EFFECTIVE_PLATFORM_NAME)";
				USE_HEADERMAP = NO;
				WARNING_CFLAGS = ("$(inherited)");
			};
			name = Release;
		};
		67CBB302BF3242C395ACE99B /* MinSizeRel */ = {
			isa = XCBuildConfiguration;
			buildSettings = {
				ALWAYS_SEARCH_USER_PATHS = NO;
				ARCHS = arm64;
				COMBINE_HIDPI_IMAGES = YES;
				GCC_GENERATE_DEBUGGING_SYMBOLS = YES;
				GCC_INLINES_ARE_PRIVATE_EXTERN = NO;
				GCC_OPTIMIZATION_LEVEL = 0;
				GCC_PREPROCESSOR_DEFINITIONS = ("'CMAKE_INTDIR=\"$(CONFIGURATION)$(EFFECTIVE_PLATFORM_NAME)\"'","$(inherited)");
				GCC_SYMBOLS_PRIVATE_EXTERN = NO;
				INSTALL_PATH = "";
				ONLY_ACTIVE_ARCH = NO;
				OTHER_LDFLAGS = ("","$(inherited)");
				OTHER_REZFLAGS = "";
				PRODUCT_NAME = ALL_BUILD;
				SECTORDER_FLAGS = "";
				USE_HEADERMAP = NO;
				WARNING_CFLAGS = ("$(inherited)");
			};
			name = MinSizeRel;
		};
		76FCA7ABD366424A815F9143 /* Debug */ = {
			isa = XCBuildConfiguration;
			buildSettings = {
				ALWAYS_SEARCH_USER_PATHS = NO;
				ARCHS = arm64;
				COMBINE_HIDPI_IMAGES = YES;
				GCC_GENERATE_DEBUGGING_SYMBOLS = YES;
				GCC_INLINES_ARE_PRIVATE_EXTERN = NO;
				GCC_OPTIMIZATION_LEVEL = 0;
				GCC_PREPROCESSOR_DEFINITIONS = ("'CMAKE_INTDIR=\"$(CONFIGURATION)$(EFFECTIVE_PLATFORM_NAME)\"'","$(inherited)");
				GCC_SYMBOLS_PRIVATE_EXTERN = NO;
				INSTALL_PATH = "";
				ONLY_ACTIVE_ARCH = NO;
				OTHER_LDFLAGS = ("","$(inherited)");
				OTHER_REZFLAGS = "";
				PRODUCT_NAME = ALL_BUILD;
				SECTORDER_FLAGS = "";
				USE_HEADERMAP = NO;
				WARNING_CFLAGS = ("$(inherited)");
			};
			name = Debug;
		};
		896247FFF250481591A92366 /* MinSizeRel */ = {
			isa = XCBuildConfiguration;
			buildSettings = {
				ALWAYS_SEARCH_USER_PATHS = NO;
				ARCHS = arm64;
				COMBINE_HIDPI_IMAGES = YES;
				GCC_GENERATE_DEBUGGING_SYMBOLS = YES;
				GCC_INLINES_ARE_PRIVATE_EXTERN = NO;
				GCC_OPTIMIZATION_LEVEL = 0;
				GCC_PREPROCESSOR_DEFINITIONS = ("'CMAKE_INTDIR=\"$(CONFIGURATION)$(EFFECTIVE_PLATFORM_NAME)\"'","$(inherited)");
				GCC_SYMBOLS_PRIVATE_EXTERN = NO;
				INSTALL_PATH = "";
				ONLY_ACTIVE_ARCH = NO;
				OTHER_LDFLAGS = ("","$(inherited)");
				OTHER_REZFLAGS = "";
				PRODUCT_NAME = ZERO_CHECK;
				SECTORDER_FLAGS = "";
				USE_HEADERMAP = NO;
				WARNING_CFLAGS = ("$(inherited)");
			};
			name = MinSizeRel;
		};
		93B7E058DAB04EC8A35B8D28 /* RelWithDebInfo */ = {
			isa = XCBuildConfiguration;
			buildSettings = {
				ALWAYS_SEARCH_USER_PATHS = NO;
				ARCHS = arm64;
				COMBINE_HIDPI_IMAGES = YES;
				GCC_GENERATE_DEBUGGING_SYMBOLS = YES;
				GCC_INLINES_ARE_PRIVATE_EXTERN = NO;
				GCC_OPTIMIZATION_LEVEL = 0;
				GCC_PREPROCESSOR_DEFINITIONS = ("'CMAKE_INTDIR=\"$(CONFIGURATION)$(EFFECTIVE_PLATFORM_NAME)\"'","$(inherited)");
				GCC_SYMBOLS_PRIVATE_EXTERN = NO;
				INSTALL_PATH = "";
				ONLY_ACTIVE_ARCH = NO;
				OTHER_LDFLAGS = ("","$(inherited)");
				OTHER_REZFLAGS = "";
				PRODUCT_NAME = ALL_BUILD;
				SECTORDER_FLAGS = "";
				USE_HEADERMAP = NO;
				WARNING_CFLAGS = ("$(inherited)");
			};
			name = RelWithDebInfo;
		};
		9483C596921A495880B767AE /* MinSizeRel */ = {
			isa = XCBuildConfiguration;
			buildSettings = {
				ALWAYS_SEARCH_USER_PATHS = NO;
				ARCHS = arm64;
				COMBINE_HIDPI_IMAGES = YES;
				CONFIGURATION_BUILD_DIR = "/Users/roger/Data/Retro-Dev/vectrex-dev/vec2x/build2/MinSizeRel";
				EXECUTABLE_PREFIX = "";
				EXECUTABLE_SUFFIX = "";
				GCC_GENERATE_DEBUGGING_SYMBOLS = NO;
				GCC_INLINES_ARE_PRIVATE_EXTERN = NO;
				GCC_OPTIMIZATION_LEVEL = s;
				GCC_PREPROCESSOR_DEFINITIONS = ("'CMAKE_INTDIR=\"$(CONFIGURATION)$(EFFECTIVE_PLATFORM_NAME)\"'",UNIX_HOST,"$(inherited)");
				GCC_SYMBOLS_PRIVATE_EXTERN = NO;
				HEADER_SEARCH_PATHS = (/opt/homebrew/Cellar/sdl2/2.30.3/include,/opt/homebrew/Cellar/sdl2/2.0.22/include,/opt/homebrew/Cellar/sdl2_image/2.6.0_1/include,"/Users/roger/Data/Retro-Dev/vectrex-dev/vec2x/src/base","/Users/roger/Data/Retro-Dev/vectrex-dev/vec2x/src/editor","/Users/roger/Data/Retro-Dev/vectrex-dev/vec2x/src/emulator_vectrex","/Users/roger/Data/Retro-Dev/vectrex-dev/vec2x/src/sdl","$(inherited)");
				INFOPLIST_FILE = "/Users/roger/Data/Retro-Dev/vectrex-dev/vec2x/build2/CMakeFiles/vec2x.dir/Info.plist";
				INSTALL_PATH = "";
				LD_RUNPATH_SEARCH_PATHS = (/opt/homebrew/Cellar/sdl2/2.30.3/lib,"$(inherited)");
				LIBRARY_SEARCH_PATHS = ("/opt/homebrew/Cellar/sdl2/2.30.3/lib/$(CONFIGURATION)$(EFFECTIVE_PLATFORM_NAME)",/opt/homebrew/Cellar/sdl2/2.30.3/lib,"$(inherited)");
				ONLY_ACTIVE_ARCH = NO;
				OTHER_CFLAGS = ("    -DNDEBUG -ffast-math ","$(inherited)");
				OTHER_LDFLAGS = (" -Wl,-search_paths_first -Wl,-headerpad_max_install_names","-framework Cocoa",/opt/homebrew/Cellar/sdl2/2.30.3/lib/libSDL2.dylib,"$(inherited)");
				OTHER_REZFLAGS = "";
				PRODUCT_NAME = vec2x;
				SECTORDER_FLAGS = "";
				SYSTEM_HEADER_SEARCH_PATHS = (/opt/homebrew/Cellar/sdl2/2.30.3/include/SDL2,"$(inherited)");
				TARGET_TEMP_DIR = "/Users/roger/Data/Retro-Dev/vectrex-dev/vec2x/build2/build/vec2x.build/$(CONFIGURATION)$(EFFECTIVE_PLATFORM_NAME)";
				USE_HEADERMAP = NO;
				WARNING_CFLAGS = ("$(inherited)");
			};
			name = MinSizeRel;
		};
		A6E7E77422FF4D71953E21BA /* MinSizeRel */ = {
			isa = XCBuildConfiguration;
			buildSettings = {
				ARCHS = arm64;
				SDKROOT = /Applications/Xcode.app/Contents/Developer/Platforms/MacOSX.platform/Developer/SDKs/MacOSX14.2.sdk;
				SWIFT_COMPILATION_MODE = wholemodule;
				SYMROOT = "/Users/roger/Data/Retro-Dev/vectrex-dev/vec2x/build2/build";
			};
			name = MinSizeRel;
		};
		AD74A7D5D5DF4A1DAA644846 /* RelWithDebInfo */ = {
			isa = XCBuildConfiguration;
			buildSettings = {
				ALWAYS_SEARCH_USER_PATHS = NO;
				ARCHS = arm64;
				COMBINE_HIDPI_IMAGES = YES;
				GCC_GENERATE_DEBUGGING_SYMBOLS = YES;
				GCC_INLINES_ARE_PRIVATE_EXTERN = NO;
				GCC_OPTIMIZATION_LEVEL = 0;
				GCC_PREPROCESSOR_DEFINITIONS = ("'CMAKE_INTDIR=\"$(CONFIGURATION)$(EFFECTIVE_PLATFORM_NAME)\"'","$(inherited)");
				GCC_SYMBOLS_PRIVATE_EXTERN = NO;
				INSTALL_PATH = "";
				ONLY_ACTIVE_ARCH = NO;
				OTHER_LDFLAGS = ("","$(inherited)");
				OTHER_REZFLAGS = "";
				PRODUCT_NAME = ZERO_CHECK;
				SECTORDER_FLAGS = "";
				USE_HEADERMAP = NO;
				WARNING_CFLAGS = ("$(inherited)");
			};
			name = RelWithDebInfo;
		};
		B3C146841A6D4AD098F464F4 /* Release */ = {
			isa = XCBuildConfiguration;
			buildSettings = {
				ALWAYS_SEARCH_USER_PATHS = NO;
				ARCHS = arm64;
				COMBINE_HIDPI_IMAGES = YES;
				GCC_GENERATE_DEBUGGING_SYMBOLS = YES;
				GCC_INLINES_ARE_PRIVATE_EXTERN = NO;
				GCC_OPTIMIZATION_LEVEL = 0;
				GCC_PREPROCESSOR_DEFINITIONS = ("'CMAKE_INTDIR=\"$(CONFIGURATION)$(EFFECTIVE_PLATFORM_NAME)\"'","$(inherited)");
				GCC_SYMBOLS_PRIVATE_EXTERN = NO;
				INSTALL_PATH = "";
				ONLY_ACTIVE_ARCH = NO;
				OTHER_LDFLAGS = ("","$(inherited)");
				OTHER_REZFLAGS = "";
				PRODUCT_NAME = ZERO_CHECK;
				SECTORDER_FLAGS = "";
				USE_HEADERMAP = NO;
				WARNING_CFLAGS = ("$(inherited)");
			};
			name = Release;
		};
		B85275893B464A6391F66A5C /* Debug */ = {
			isa = XCBuildConfiguration;
			buildSettings = {
				ALWAYS_SEARCH_USER_PATHS = NO;
				ARCHS = arm64;
				COMBINE_HIDPI_IMAGES = YES;
				CONFIGURATION_BUILD_DIR = "/Users/roger/Data/Retro-Dev/vectrex-dev/vec2x/build2/Debug";
				EXECUTABLE_PREFIX = "";
				EXECUTABLE_SUFFIX = "";
				GCC_GENERATE_DEBUGGING_SYMBOLS = YES;
				GCC_INLINES_ARE_PRIVATE_EXTERN = NO;
				GCC_OPTIMIZATION_LEVEL = 0;
				GCC_PREPROCESSOR_DEFINITIONS = ("'CMAKE_INTDIR=\"$(CONFIGURATION)$(EFFECTIVE_PLATFORM_NAME)\"'",UNIX_HOST,"$(inherited)");
				GCC_SYMBOLS_PRIVATE_EXTERN = NO;
				HEADER_SEARCH_PATHS = (/opt/homebrew/Cellar/sdl2/2.30.3/include,/opt/homebrew/Cellar/sdl2/2.0.22/include,/opt/homebrew/Cellar/sdl2_image/2.6.0_1/include,"/Users/roger/Data/Retro-Dev/vectrex-dev/vec2x/src/base","/Users/roger/Data/Retro-Dev/vectrex-dev/vec2x/src/editor","/Users/roger/Data/Retro-Dev/vectrex-dev/vec2x/src/emulator_vectrex","/Users/roger/Data/Retro-Dev/vectrex-dev/vec2x/src/sdl","$(inherited)");
				INFOPLIST_FILE = "/Users/roger/Data/Retro-Dev/vectrex-dev/vec2x/build2/CMakeFiles/vec2x.dir/Info.plist";
				INSTALL_PATH = "";
				LD_RUNPATH_SEARCH_PATHS = (/opt/homebrew/Cellar/sdl2/2.30.3/lib,"$(inherited)");
				LIBRARY_SEARCH_PATHS = ("/opt/homebrew/Cellar/sdl2/2.30.3/lib/$(CONFIGURATION)$(EFFECTIVE_PLATFORM_NAME)",/opt/homebrew/Cellar/sdl2/2.30.3/lib,"$(inherited)");
				ONLY_ACTIVE_ARCH = NO;
				OTHER_CFLAGS = ("   -ffast-math ","$(inherited)");
				OTHER_LDFLAGS = (" -Wl,-search_paths_first -Wl,-headerpad_max_install_names","-framework Cocoa",/opt/homebrew/Cellar/sdl2/2.30.3/lib/libSDL2.dylib,"$(inherited)");
				OTHER_REZFLAGS = "";
				PRODUCT_NAME = vec2x;
				SECTORDER_FLAGS = "";
				SYSTEM_HEADER_SEARCH_PATHS = (/opt/homebrew/Cellar/sdl2/2.30.3/include/SDL2,"$(inherited)");
				TARGET_TEMP_DIR = "/Users/roger/Data/Retro-Dev/vectrex-dev/vec2x/build2/build/vec2x.build/$(CONFIGURATION)$(EFFECTIVE_PLATFORM_NAME)";
				USE_HEADERMAP = NO;
				WARNING_CFLAGS = ("$(inherited)");
			};
			name = Debug;
		};
		BA05883455BF4407AFF18B95 /* Debug */ = {
			isa = XCBuildConfiguration;
			buildSettings = {
				ARCHS = arm64;
				SDKROOT = /Applications/Xcode.app/Contents/Developer/Platforms/MacOSX.platform/Developer/SDKs/MacOSX14.2.sdk;
				SYMROOT = "/Users/roger/Data/Retro-Dev/vectrex-dev/vec2x/build2/build";
			};
			name = Debug;
		};
		BB8EC63EE265408D95780AED /* RelWithDebInfo */ = {
			isa = XCBuildConfiguration;
			buildSettings = {
				ALWAYS_SEARCH_USER_PATHS = NO;
				ARCHS = arm64;
				COMBINE_HIDPI_IMAGES = YES;
				CONFIGURATION_BUILD_DIR = "/Users/roger/Data/Retro-Dev/vectrex-dev/vec2x/build2/RelWithDebInfo";
				EXECUTABLE_PREFIX = "";
				EXECUTABLE_SUFFIX = "";
				GCC_GENERATE_DEBUGGING_SYMBOLS = YES;
				GCC_INLINES_ARE_PRIVATE_EXTERN = NO;
				GCC_OPTIMIZATION_LEVEL = 2;
				GCC_PREPROCESSOR_DEFINITIONS = ("'CMAKE_INTDIR=\"$(CONFIGURATION)$(EFFECTIVE_PLATFORM_NAME)\"'",UNIX_HOST,"$(inherited)");
				GCC_SYMBOLS_PRIVATE_EXTERN = NO;
				HEADER_SEARCH_PATHS = (/opt/homebrew/Cellar/sdl2/2.30.3/include,/opt/homebrew/Cellar/sdl2/2.0.22/include,/opt/homebrew/Cellar/sdl2_image/2.6.0_1/include,"/Users/roger/Data/Retro-Dev/vectrex-dev/vec2x/src/base","/Users/roger/Data/Retro-Dev/vectrex-dev/vec2x/src/editor","/Users/roger/Data/Retro-Dev/vectrex-dev/vec2x/src/emulator_vectrex","/Users/roger/Data/Retro-Dev/vectrex-dev/vec2x/src/sdl","$(inherited)");
				INFOPLIST_FILE = "/Users/roger/Data/Retro-Dev/vectrex-dev/vec2x/build2/CMakeFiles/vec2x.dir/Info.plist";
				INSTALL_PATH = "";
				LD_RUNPATH_SEARCH_PATHS = (/opt/homebrew/Cellar/sdl2/2.30.3/lib,"$(inherited)");
				LIBRARY_SEARCH_PATHS = ("/opt/homebrew/Cellar/sdl2/2.30.3/lib/$(CONFIGURATION)$(EFFECTIVE_PLATFORM_NAME)",/opt/homebrew/Cellar/sdl2/2.30.3/lib,"$(inherited)");
				ONLY_ACTIVE_ARCH = NO;
				OTHER_CFLAGS = ("       -DNDEBUG -ffast-math ","$(inherited)");
				OTHER_LDFLAGS = (" -Wl,-search_paths_first -Wl,-headerpad_max_install_names","-framework Cocoa",/opt/homebrew/Cellar/sdl2/2.30.3/lib/libSDL2.dylib,"$(inherited)");
				OTHER_REZFLAGS = "";
				PRODUCT_NAME = vec2x;
				SECTORDER_FLAGS = "";
				SYSTEM_HEADER_SEARCH_PATHS = (/opt/homebrew/Cellar/sdl2/2.30.3/include/SDL2,"$(inherited)");
				TARGET_TEMP_DIR = "/Users/roger/Data/Retro-Dev/vectrex-dev/vec2x/build2/build/vec2x.build/$(CONFIGURATION)$(EFFECTIVE_PLATFORM_NAME)";
				USE_HEADERMAP = NO;
				WARNING_CFLAGS = ("$(inherited)");
			};
			name = RelWithDebInfo;
		};
		BEB26F84750F464392A06467 /* RelWithDebInfo */ = {
			isa = XCBuildConfiguration;
			buildSettings = {
				ARCHS = arm64;
				SDKROOT = /Applications/Xcode.app/Contents/Developer/Platforms/MacOSX.platform/Developer/SDKs/MacOSX14.2.sdk;
				SWIFT_COMPILATION_MODE = wholemodule;
				SYMROOT = "/Users/roger/Data/Retro-Dev/vectrex-dev/vec2x/build2/build";
			};
			name = RelWithDebInfo;
		};
		DD164853F4FD4C3EA162DB36 /* Debug */ = {
			isa = XCBuildConfiguration;
			buildSettings = {
				ALWAYS_SEARCH_USER_PATHS = NO;
				ARCHS = arm64;
				COMBINE_HIDPI_IMAGES = YES;
				GCC_GENERATE_DEBUGGING_SYMBOLS = YES;
				GCC_INLINES_ARE_PRIVATE_EXTERN = NO;
				GCC_OPTIMIZATION_LEVEL = 0;
				GCC_PREPROCESSOR_DEFINITIONS = ("'CMAKE_INTDIR=\"$(CONFIGURATION)$(EFFECTIVE_PLATFORM_NAME)\"'","$(inherited)");
				GCC_SYMBOLS_PRIVATE_EXTERN = NO;
				INSTALL_PATH = "";
				ONLY_ACTIVE_ARCH = NO;
				OTHER_LDFLAGS = ("","$(inherited)");
				OTHER_REZFLAGS = "";
				PRODUCT_NAME = ZERO_CHECK;
				SECTORDER_FLAGS = "";
				USE_HEADERMAP = NO;
				WARNING_CFLAGS = ("$(inherited)");
			};
			name = Debug;
		};
		E5B52D639F4B4AC6BB2673BB /* Release */ = {
			isa = XCBuildConfiguration;
			buildSettings = {
				ARCHS = arm64;
				SDKROOT = /Applications/Xcode.app/Contents/Developer/Platforms/MacOSX.platform/Developer/SDKs/MacOSX14.2.sdk;
				SWIFT_COMPILATION_MODE = wholemodule;
				SYMROOT = "/Users/roger/Data/Retro-Dev/vectrex-dev/vec2x/build2/build";
			};
			name = Release;
		};
		F2A3A093B8074522934B1024 /* Release */ = {
			isa = XCBuildConfiguration;
			buildSettings = {
				ALWAYS_SEARCH_USER_PATHS = NO;
				ARCHS = arm64;
				COMBINE_HIDPI_IMAGES = YES;
				GCC_GENERATE_DEBUGGING_SYMBOLS = YES;
				GCC_INLINES_ARE_PRIVATE_EXTERN = NO;
				GCC_OPTIMIZATION_LEVEL = 0;
				GCC_PREPROCESSOR_DEFINITIONS = ("'CMAKE_INTDIR=\"$(CONFIGURATION)$(EFFECTIVE_PLATFORM_NAME)\"'","$(inherited)");
				GCC_SYMBOLS_PRIVATE_EXTERN = NO;
				INSTALL_PATH = "";
				ONLY_ACTIVE_ARCH = NO;
				OTHER_LDFLAGS = ("","$(inherited)");
				OTHER_REZFLAGS = "";
				PRODUCT_NAME = ALL_BUILD;
				SECTORDER_FLAGS = "";
				USE_HEADERMAP = NO;
				WARNING_CFLAGS = ("$(inherited)");
			};
			name = Release;
		};
/* End XCBuildConfiguration section */

/* Begin XCConfigurationList section */
		568B0073BDAE4A1995FCF52F /* Build configuration list for PBXNativeTarget "vec2x" */ = {
			isa = XCConfigurationList;
			buildConfigurations = (
				B85275893B464A6391F66A5C /* Debug */,
				27D1D3A517B64121B934AEA2 /* Release */,
				9483C596921A495880B767AE /* MinSizeRel */,
				BB8EC63EE265408D95780AED /* RelWithDebInfo */,
			);
			defaultConfigurationIsVisible = 0;
			defaultConfigurationName = Debug;
		};
		D77ADD706F8E4B2CAC532DD2 /* Build configuration list for PBXAggregateTarget "ALL_BUILD" */ = {
			isa = XCConfigurationList;
			buildConfigurations = (
				76FCA7ABD366424A815F9143 /* Debug */,
				F2A3A093B8074522934B1024 /* Release */,
				67CBB302BF3242C395ACE99B /* MinSizeRel */,
				93B7E058DAB04EC8A35B8D28 /* RelWithDebInfo */,
			);
			defaultConfigurationIsVisible = 0;
			defaultConfigurationName = Debug;
		};
		EB90701B87C441F58FC8B71B /* Build configuration list for PBXProject "vec2x" */ = {
			isa = XCConfigurationList;
			buildConfigurations = (
				BA05883455BF4407AFF18B95 /* Debug */,
				E5B52D639F4B4AC6BB2673BB /* Release */,
				A6E7E77422FF4D71953E21BA /* MinSizeRel */,
				BEB26F84750F464392A06467 /* RelWithDebInfo */,
			);
			defaultConfigurationIsVisible = 0;
			defaultConfigurationName = Debug;
		};
		EE62DA527BD0460D9CAC05C8 /* Build configuration list for PBXAggregateTarget "ZERO_CHECK" */ = {
			isa = XCConfigurationList;
			buildConfigurations = (
				DD164853F4FD4C3EA162DB36 /* Debug */,
				B3C146841A6D4AD098F464F4 /* Release */,
				896247FFF250481591A92366 /* MinSizeRel */,
				AD74A7D5D5DF4A1DAA644846 /* RelWithDebInfo */,
			);
			defaultConfigurationIsVisible = 0;
			defaultConfigurationName = Debug;
		};
/* End XCConfigurationList section */
	};
	rootObject = A82BBFD426CC48CCB5DFB007 /* Project object */;
}
